{
  "projects": [
    {
      "projectId": "r3ASNrnyvLLLAtDvzUioQ",
      "version": "3.0.3",
      "dependencies": {},
      "lang": "ts",
      "fileLocks": [
        {
          "assetId": "r3ASNrnyvLLLAtDvzUioQ",
          "type": "projectCss",
          "checksum": "0410684d90fa0ab1fd12f01df40fd068"
        }
      ],
      "codegenVersion": "0.0.1"
    },
    {
      "projectId": "2uxAq5bBM7QPimw2pErK3f",
      "version": "latest",
      "dependencies": {
        "r3ASNrnyvLLLAtDvzUioQ": "3.3.0"
      },
      "lang": "ts",
      "fileLocks": [
        {
          "type": "globalVariant",
          "assetId": "HEKioeNKluyfQ",
          "checksum": "cd4c5f4d7f3b2759348c9c9d1ac0527b"
        },
        {
          "type": "renderModule",
          "assetId": "_-xn9pVSHCvw",
          "checksum": "93b0e98bbafabdca509bf9a4ed9c1421"
        },
        {
          "type": "cssRules",
          "assetId": "_-xn9pVSHCvw",
          "checksum": "93b0e98bbafabdca509bf9a4ed9c1421"
        },
        {
          "type": "renderModule",
          "assetId": "6SRNDKk9BG",
          "checksum": "18c28fce2d1ebc3a019322d9ce847f43"
        },
        {
          "type": "cssRules",
          "assetId": "6SRNDKk9BG",
          "checksum": "18c28fce2d1ebc3a019322d9ce847f43"
        },
        {
          "type": "renderModule",
          "assetId": "JeGt_Q8XkwU",
          "checksum": "59b65dd178cf872111243757d7321003"
        },
        {
          "type": "cssRules",
          "assetId": "JeGt_Q8XkwU",
          "checksum": "59b65dd178cf872111243757d7321003"
        },
        {
          "type": "renderModule",
          "assetId": "UZdB-6Pp6r",
          "checksum": "b55a91f978e1d498d8708b31d3e63523"
        },
        {
          "type": "cssRules",
          "assetId": "UZdB-6Pp6r",
          "checksum": "b55a91f978e1d498d8708b31d3e63523"
        },
        {
          "type": "icon",
          "assetId": "Znyuo0YrdF",
          "checksum": "470519fb59c0bbffb4f416a056ccd1ac"
        },
        {
          "type": "icon",
          "assetId": "8k_j5ssWFG",
          "checksum": "c035e501590f3066507e13c6e20ecbab"
        },
        {
          "type": "icon",
          "assetId": "mqGymOvZ9x",
          "checksum": "7280fa29ef8061d88d7717c9d010f16b"
        },
        {
          "type": "icon",
          "assetId": "g2Gu2HC5c7",
          "checksum": "3a51196e3b58cb9152b8fa82380d7360"
        },
        {
          "type": "icon",
          "assetId": "_0z1TQ2YHb",
          "checksum": "b724c88bfc32076ff720bc6af809ad1a"
        },
        {
          "type": "image",
          "assetId": "YlbEofQDRu",
          "checksum": "7eb7a23516489e97123431204007f538"
        },
        {
          "type": "image",
          "assetId": "JzZ1Hp_pe5",
          "checksum": "2ff6d96bdf01dbbe62cc7b81f9ac66ab"
        },
        {
          "type": "image",
          "assetId": "3SUMZzYTMw",
          "checksum": "8ba0fe15d37ec57f8f355b2affd60daa"
        },
        {
          "type": "image",
          "assetId": "l47PYZa8n",
          "checksum": "7c989fed1c6c29268dc01e9acf5ee5c7"
        },
        {
          "type": "image",
          "assetId": "drWiWVcMx",
          "checksum": "fae87101d9a4342365f34b5b545b7a04"
        },
        {
          "type": "image",
          "assetId": "4r1rDySxe",
          "checksum": "63a6ab98488e626dcfad4ca0855e5466"
        },
        {
          "type": "image",
          "assetId": "669fblsbH",
          "checksum": "cd76d144f0ef468517d5a1f039fa00bb"
        },
        {
          "type": "renderModule",
          "assetId": "CNA6kicpvb",
          "checksum": "a4ffe2fa293e29decfed37c4dd38ee40"
        },
        {
          "type": "cssRules",
          "assetId": "CNA6kicpvb",
          "checksum": "a4ffe2fa293e29decfed37c4dd38ee40"
        },
        {
          "type": "renderModule",
          "assetId": "X6AOmIrJmE",
          "checksum": "6a2ba8cfd6e30621775db126c0eeefb8"
        },
        {
          "type": "cssRules",
          "assetId": "X6AOmIrJmE",
          "checksum": "6a2ba8cfd6e30621775db126c0eeefb8"
        },
        {
          "type": "renderModule",
          "assetId": "hP5sxMa1ug",
          "checksum": "43ff07a9ecee3714d07568acaf2bde70"
        },
        {
          "type": "cssRules",
          "assetId": "hP5sxMa1ug",
          "checksum": "43ff07a9ecee3714d07568acaf2bde70"
        },
        {
          "type": "renderModule",
          "assetId": "5K3KabDCBP9",
          "checksum": "4c6207b9474cf0e4adde969d46ccaaef"
        },
        {
          "type": "cssRules",
          "assetId": "5K3KabDCBP9",
          "checksum": "4c6207b9474cf0e4adde969d46ccaaef"
        },
        {
          "type": "renderModule",
          "assetId": "_oexzkgK5J",
          "checksum": "0cc13cf04f6f4a75d79faecfa1e279ee"
        },
        {
          "type": "cssRules",
          "assetId": "_oexzkgK5J",
          "checksum": "0cc13cf04f6f4a75d79faecfa1e279ee"
        },
        {
          "type": "icon",
          "assetId": "Wd7gDtMC9",
          "checksum": "66e6c540bf1ce17b6d8f29e5352b34ee"
        },
        {
          "type": "icon",
          "assetId": "EpraZJ1rNx",
          "checksum": "8d58ca8776e75b900bfce492e3f0f390"
        },
        {
          "type": "icon",
          "assetId": "lWRgBPzsE9",
          "checksum": "303dd5b0d605efd7bdbc3fb31f00ab90"
        },
        {
          "type": "icon",
          "assetId": "ZIt0JkfkZT",
          "checksum": "e42af89a65f391b719276661b64abd92"
        },
        {
          "type": "icon",
          "assetId": "FiimafejTB",
          "checksum": "d9250c9fec95957caf48d2fc766430c6"
        },
        {
          "type": "icon",
          "assetId": "dd34HMXiX4",
          "checksum": "50c28805fa1e453b7dfd76a402c87828"
        },
        {
          "type": "icon",
          "assetId": "w-NKdqxdYF",
          "checksum": "45ea933cdc5baa079b738313d86ab8c0"
        },
        {
          "type": "icon",
          "assetId": "Lr-EsJeMph",
          "checksum": "4b7a6a79f1256ee3f00bf4230e534263"
        },
        {
          "type": "icon",
          "assetId": "oqpYGYeEG",
          "checksum": "e4ee335117ddc781252fc02aff5b08e8"
        },
        {
          "type": "icon",
          "assetId": "pjCwjOtlFp",
          "checksum": "d88675838e0c0418eb379e16ca54f851"
        },
        {
          "type": "icon",
          "assetId": "HHHHx-rNIh",
          "checksum": "ac7d080f84c98dcdabfa57ca251c97f7"
        },
        {
          "type": "icon",
          "assetId": "4LZf2O-SyJ",
          "checksum": "58d9c933694aee208132c476df1276b8"
        },
        {
          "type": "icon",
          "assetId": "rxdLPzJIwK",
          "checksum": "8d4567dbdc71349a4f546fe05063d01b"
        },
        {
          "type": "icon",
          "assetId": "N1G1W_w5_t",
          "checksum": "338cd08da7d8d26b5a15b5b9313b226d"
        },
        {
          "type": "icon",
          "assetId": "cPBiR8FM7D",
          "checksum": "b55f38f72751514358e976c59917a3a2"
        },
        {
          "type": "icon",
          "assetId": "OFvSQ5Y7sc",
          "checksum": "4ec466a350ac0d68ae4ee2edf0315b8e"
        },
        {
          "type": "icon",
          "assetId": "gHaDO6iAzB",
          "checksum": "297ad90ea7b58201fadcd59b56cd0d50"
        },
        {
          "type": "icon",
          "assetId": "sqlzDUdmB5",
          "checksum": "a5c5cd2a879f62dccb2a113c7c37013c"
        },
        {
          "type": "icon",
          "assetId": "LWnazRo58G",
          "checksum": "71d69c52581a8a9d7f5102c3026dc390"
        },
        {
          "type": "icon",
          "assetId": "tkQMbs6pI8",
          "checksum": "5170b14a627175a8ce4bbbed0c1ea587"
        },
        {
          "type": "icon",
          "assetId": "gBckQTCMPR",
          "checksum": "04cd3c1cad008ee0c4105b6c8d502abd"
        },
        {
          "type": "icon",
          "assetId": "lI-Kkndwls",
          "checksum": "5bb4071549b4f76082683f0789b7ad2e"
        },
        {
          "type": "icon",
          "assetId": "piNgUywOShd",
          "checksum": "1e7e5c23fac9a78448a7daef8e528735"
        },
        {
          "type": "icon",
          "assetId": "Bj8QrnehWH7",
          "checksum": "45e626bb943b2b8238f7e4d76d66866f"
        },
        {
          "type": "icon",
          "assetId": "E6WR_9-e3RN",
          "checksum": "dc07ef7a8ae6d7761578cb5c08d39bc3"
        },
        {
          "type": "icon",
          "assetId": "rou1e7YzURQ",
          "checksum": "24bc5457fadc0aa07fdc9c7e5e5d8707"
        },
        {
          "type": "icon",
          "assetId": "zogWZVk1Vjo",
          "checksum": "aa758cf7a7f985b7eceef6db68420678"
        },
        {
          "type": "icon",
          "assetId": "1mzbXUNC5Re",
          "checksum": "3961f054939a34582c2f5e403ecd69d7"
        },
        {
          "type": "icon",
          "assetId": "0xSqqZX8q1_",
          "checksum": "6b3de557b233fd78563e4f5ae364ecef"
        },
        {
          "type": "icon",
          "assetId": "fFBtpV36X_5",
          "checksum": "e83e8f24dbb1f2c2d50716b9c0768947"
        },
        {
          "type": "icon",
          "assetId": "PZs7btlOzPs",
          "checksum": "5135c1668338e071f890f2331914ecaa"
        },
        {
          "type": "icon",
          "assetId": "a_YBS7ldv_i",
          "checksum": "a2ccb203332f522377e11cda03578513"
        },
        {
          "type": "icon",
          "assetId": "NtdtmPVnquO",
          "checksum": "655b314cb2efde91b4249007790f99cf"
        },
        {
          "type": "icon",
          "assetId": "-D2kzabACyB",
          "checksum": "2f7cf241d659af6b797785ab403ad64a"
        },
        {
          "type": "icon",
          "assetId": "Pk7m39-GpNk",
          "checksum": "db11ec7fcb786265fe529147b0c33531"
        },
        {
          "type": "icon",
          "assetId": "fVVaq9osR5u",
          "checksum": "fb5b901349d786c4369f85086bad0a05"
        },
        {
          "type": "icon",
          "assetId": "CywMscN8TWS",
          "checksum": "5dde8c6453d0f5c80b9189a59e5cd66f"
        },
        {
          "type": "icon",
          "assetId": "sFDFvvyv73a",
          "checksum": "693089658bac22aaa4d271a7eb252812"
        },
        {
          "type": "icon",
          "assetId": "jUHl2sT9omr",
          "checksum": "f7f3caf0053b15b68de49327f8d722c3"
        },
        {
          "type": "icon",
          "assetId": "JXRKQJ8Arqo",
          "checksum": "2227fa022b9ce747b7eaca811f213de3"
        },
        {
          "type": "icon",
          "assetId": "OoPam0-KBS7",
          "checksum": "59211837a6251face34fb3d37a3b06e1"
        },
        {
          "type": "icon",
          "assetId": "Mv6s_nrqDut",
          "checksum": "da870a95d561066cd39b162757d9ea14"
        },
        {
          "type": "icon",
          "assetId": "jYw5wRVidek",
          "checksum": "bd3ee3ef121bd0f7c8c9161dc8b28a53"
        },
        {
          "type": "icon",
          "assetId": "XLLff1oD9UI",
          "checksum": "3f0938e150d2cef05aba734fe2ca1073"
        },
        {
          "type": "icon",
          "assetId": "ppcp_EiGUfR",
          "checksum": "b2744b4faf06b61bc3d5eab5d46fc4b5"
        },
        {
          "type": "icon",
          "assetId": "S6-RPDtia",
          "checksum": "9a86cdac6401700f3c244ec4b46e37d0"
        },
        {
          "type": "icon",
          "assetId": "qUHJcKNBGc",
          "checksum": "be61a38e66ac1e3bb34e8a0b622df910"
        },
        {
          "type": "icon",
          "assetId": "-z7H1VkrbG",
          "checksum": "00e9d3c8776a3a4f01f7117452666f80"
        },
        {
          "type": "icon",
          "assetId": "0erRBZdQBy",
          "checksum": "cf77577de21fa9be616b790df8dcdaa1"
        },
        {
          "type": "icon",
          "assetId": "BBaaock155",
          "checksum": "b7f301e7b60e76855e016bef7b1b74cf"
        },
        {
          "type": "icon",
          "assetId": "nF0H7_9NTY",
          "checksum": "6ac09d947d792c4acea309ca4442a82a"
        },
        {
          "type": "icon",
          "assetId": "IznLp5fwnM",
          "checksum": "753808b7275799eb07571b02a9c74d7e"
        },
        {
          "type": "icon",
          "assetId": "7SR9pqTZYf",
          "checksum": "47791131efee02b5563726bc8da8f133"
        },
        {
          "type": "icon",
          "assetId": "npDmkiSr-t",
          "checksum": "71f2edbf11567d3644da5963f6031cd9"
        },
        {
          "type": "icon",
          "assetId": "g11OIlw-5p",
          "checksum": "9e2813ca1bede88953c239ef70d36349"
        },
        {
          "type": "icon",
          "assetId": "-QO0aq1bDW",
          "checksum": "da5d579ff06d13536edea234f1ad1ca0"
        },
        {
          "type": "icon",
          "assetId": "nNg8np0P8U",
          "checksum": "98a04a1ea0aa9a53cbad7570522b4e4a"
        },
        {
          "type": "icon",
          "assetId": "uqs_dhr9TM",
          "checksum": "8eb78a0851b651f781a16323ef9cfcd9"
        },
        {
          "type": "icon",
          "assetId": "oWeEUT12HG",
          "checksum": "0832c942b05b065ffc8c5b0486becb36"
        },
        {
          "type": "icon",
          "assetId": "7UXFFJYUbF",
          "checksum": "7c992757fbbef22c04539fe54f9e3b21"
        },
        {
          "type": "icon",
          "assetId": "Sy8QRYAcy3Z",
          "checksum": "1e96bed4410f7b3f3077891eeaf84156"
        },
        {
          "type": "icon",
          "assetId": "MIZwhhEG6a1",
          "checksum": "387ec209dfd598c4b7f9c22410ecfa7f"
        },
        {
          "type": "icon",
          "assetId": "U40WwJjJI5x",
          "checksum": "81a5af51b4460078d421591cf1703647"
        },
        {
          "type": "icon",
          "assetId": "PuHu87nB9MT",
          "checksum": "ca5d8562a6f5880bf8578d8339f888bd"
        },
        {
          "type": "icon",
          "assetId": "u2j1qc4Vxd1",
          "checksum": "e2575fdd4168be27d09d553be35a5684"
        },
        {
          "type": "icon",
          "assetId": "-iPAv7_DTzU",
          "checksum": "11e593a04b5e72b5c23d43379ebba45c"
        },
        {
          "type": "icon",
          "assetId": "EnE_H8M_n0v",
          "checksum": "cea95a74c57efcd2a3ded88132edf949"
        },
        {
          "type": "icon",
          "assetId": "YZAtybNzSk5",
          "checksum": "c8b1ec0153aa7dce056ec1df31eb019d"
        },
        {
          "type": "icon",
          "assetId": "lBZX9HlNj7W",
          "checksum": "6a198089dbb7da77bedc19c9e4518311"
        },
        {
          "type": "image",
          "assetId": "H2LuuTlD8",
          "checksum": "cea29b7bc859505db77a5cec6c8ff744"
        },
        {
          "type": "image",
          "assetId": "L3UzO5cHe",
          "checksum": "72012d2a182baf9c001d9079b0d88c3c"
        },
        {
          "type": "image",
          "assetId": "h3cZReZhIZ",
          "checksum": "0e594964d81b2e8c3630501648ff7676"
        },
        {
          "type": "image",
          "assetId": "eTDLFXUVVQ",
          "checksum": "3a231878403eed89a46c30c35ff5f363"
        },
        {
          "type": "image",
          "assetId": "Q4vGLWNYwnA",
          "checksum": "f664308887fa7040ffe09e1cf0bd8ad8"
        },
        {
          "type": "image",
          "assetId": "K4uaWyZ7hdl",
          "checksum": "a818ee66f0c95843cf266dd96abdd8de"
        },
        {
          "type": "image",
          "assetId": "JhtbnTsTxrF",
          "checksum": "d561cc52e4dbfd8a2e6de64deb6ddec1"
        },
        {
          "type": "image",
          "assetId": "uD6fqsTFn52",
          "checksum": "d41038db954a76b523f6b2c10bbd061e"
        },
        {
          "type": "image",
          "assetId": "kGd-FryO4s9",
          "checksum": "d51ac2b760e9b6f741ee2cc8d78737b9"
        },
        {
          "type": "image",
          "assetId": "_pvRLqaNE8Z",
          "checksum": "ea9194abef4715c9c451c4375492c006"
        },
        {
          "type": "image",
          "assetId": "nQ5yF7GWPfE",
          "checksum": "9001aaffc689e9cfa33524d5663b4fec"
        },
        {
          "type": "image",
          "assetId": "e3ZDcefvrbi",
          "checksum": "30d506fb4125487c617c4902017c2411"
        },
        {
          "type": "image",
          "assetId": "yNIP8tZYmG7",
          "checksum": "2366775de34fd9566543d9a3dc1329c4"
        },
        {
          "type": "image",
          "assetId": "S2QQDfCgHx",
          "checksum": "d7a1e24976e0727d08988bb206e46afe"
        },
        {
          "type": "image",
          "assetId": "CcqiPwqlP",
          "checksum": "223e421a7bd1aaa8bdf8aaa9a1d8ffeb"
        },
        {
          "type": "image",
          "assetId": "TbrO2DpxO",
          "checksum": "e252a8d8e994a8ac49df2813c820619a"
        },
        {
          "type": "image",
          "assetId": "ufDUoZ5Yn",
          "checksum": "665aa503dc2bac49684c89747df3efc9"
        },
        {
          "type": "image",
          "assetId": "Rtgq3i-G5",
          "checksum": "cbfa18044d8d3a884bef92042f8f3c3c"
        },
        {
          "assetId": "2uxAq5bBM7QPimw2pErK3f",
          "type": "projectCss",
          "checksum": "0f286df354875a0d2e1d7d09e359f6a4"
        },
        {
          "type": "renderModule",
          "assetId": "_pf0vkQbIGT",
          "checksum": "5b1463beda38aed85b6ea9ee4956ca25"
        },
        {
          "type": "cssRules",
          "assetId": "_pf0vkQbIGT",
          "checksum": "5b1463beda38aed85b6ea9ee4956ca25"
        }
      ],
      "codegenVersion": "0.0.1"
    }
  ],
  "cliVersion": "0.1.184"
}
